
Microsoft Visual Studio Solution File, Format Version 12.00
# Visual Studio Version 17
VisualStudioVersion = 17.7.34202.233
MinimumVisualStudioVersion = 10.0.40219.1
Project("{FAE04EC0-301F-11D3-BF4B-00C04F79EFBC}") = "Observer", "State_Observer_Memento\Observer.csproj", "{1006BF3B-7046-47FE-933C-8D860F64B516}"
EndProject
Project("{FAE04EC0-301F-11D3-BF4B-00C04F79EFBC}") = "State", "State\State.csproj", "{6D19D960-2115-403E-BE5E-E9B5FBE6B0C3}"
EndProject
Project("{FAE04EC0-301F-11D3-BF4B-00C04F79EFBC}") = "Memento", "Memento\Memento.csproj", "{4606266C-7883-4065-A01C-3AFE521B4399}"
EndProject
Global
	GlobalSection(SolutionConfigurationPlatforms) = preSolution
		Debug|Any CPU = Debug|Any CPU
		Release|Any CPU = Release|Any CPU
	EndGlobalSection
	GlobalSection(ProjectConfigurationPlatforms) = postSolution
		{1006BF3B-7046-47FE-933C-8D860F64B516}.Debug|Any CPU.ActiveCfg = Debug|Any CPU
		{1006BF3B-7046-47FE-933C-8D860F64B516}.Debug|Any CPU.Build.0 = Debug|Any CPU
		{1006BF3B-7046-47FE-933C-8D860F64B516}.Release|Any CPU.ActiveCfg = Release|Any CPU
		{1006BF3B-7046-47FE-933C-8D860F64B516}.Release|Any CPU.Build.0 = Release|Any CPU
		{6D19D960-2115-403E-BE5E-E9B5FBE6B0C3}.Debug|Any CPU.ActiveCfg = Debug|Any CPU
		{6D19D960-2115-403E-BE5E-E9B5FBE6B0C3}.Debug|Any CPU.Build.0 = Debug|Any CPU
		{6D19D960-2115-403E-BE5E-E9B5FBE6B0C3}.Release|Any CPU.ActiveCfg = Release|Any CPU
		{6D19D960-2115-403E-BE5E-E9B5FBE6B0C3}.Release|Any CPU.Build.0 = Release|Any CPU
		{4606266C-7883-4065-A01C-3AFE521B4399}.Debug|Any CPU.ActiveCfg = Debug|Any CPU
		{4606266C-7883-4065-A01C-3AFE521B4399}.Debug|Any CPU.Build.0 = Debug|Any CPU
		{4606266C-7883-4065-A01C-3AFE521B4399}.Release|Any CPU.ActiveCfg = Release|Any CPU
		{4606266C-7883-4065-A01C-3AFE521B4399}.Release|Any CPU.Build.0 = Release|Any CPU
	EndGlobalSection
	GlobalSection(SolutionProperties) = preSolution
		HideSolutionNode = FALSE
	EndGlobalSection
	GlobalSection(ExtensibilityGlobals) = postSolution
		SolutionGuid = {E8F2D249-8887-4B6F-8882-8F7025F22DB1}
	EndGlobalSection
EndGlobal
